
Microsoft Visual Studio Solution File, Format Version 12.00
# Visual Studio Version 17
VisualStudioVersion = 17.0.31903.59
MinimumVisualStudioVersion = 10.0.40219.1
Project("{2150E333-8FDC-42A3-9474-1A3956D46DE8}") = "src", "src", "{827E0CD3-B72D-47B6-A68D-7590B98EB39B}"
EndProject
Project("{FAE04EC0-301F-11D3-BF4B-00C04F79EFBC}") = "ERMS.Api", "src\ERMS.Api\ERMS.Api.csproj", "{39B9702D-75F4-4C1F-9A38-E9FDF88D7495}"
EndProject
Project("{FAE04EC0-301F-11D3-BF4B-00C04F79EFBC}") = "ERMS.Application", "src\ERMS.Application\ERMS.Application.csproj", "{47ED8C89-2541-41E3-82EC-B06D879C714E}"
EndProject
Project("{FAE04EC0-301F-11D3-BF4B-00C04F79EFBC}") = "ERMS.Contracts", "src\ERMS.Contracts\ERMS.Contracts.csproj", "{C45E8BEC-3419-459E-B076-87934A26DD40}"
EndProject
Project("{FAE04EC0-301F-11D3-BF4B-00C04F79EFBC}") = "ERMS.Domain", "src\ERMS.Domain\ERMS.Domain.csproj", "{1FFA0EA6-9472-4335-BF93-2E4D6589E3A2}"
EndProject
Project("{FAE04EC0-301F-11D3-BF4B-00C04F79EFBC}") = "ERMS.Infrastructure", "src\ERMS.Infrastructure\ERMS.Infrastructure.csproj", "{9D2B09BB-E660-4E03-82FE-8988CEF564DC}"
EndProject
Project("{FAE04EC0-301F-11D3-BF4B-00C04F79EFBC}") = "ERMS.Persistence", "src\ERMS.Persistence\ERMS.Persistence.csproj", "{18C90A01-0170-4262-B797-8340316F4143}"
EndProject
Project("{FAE04EC0-301F-11D3-BF4B-00C04F79EFBC}") = "ERMS.SharedKernel", "src\ERMS.SharedKernel\ERMS.SharedKernel.csproj", "{659AA9DA-D505-40B9-A3B2-92AC53593CB7}"
EndProject
Project("{2150E333-8FDC-42A3-9474-1A3956D46DE8}") = "tests", "tests", "{0AB3BF05-4346-4AA6-1389-037BE0695223}"
EndProject
Project("{FAE04EC0-301F-11D3-BF4B-00C04F79EFBC}") = "ERMS.Api.Tests", "tests\ERMS.Api.Tests\ERMS.Api.Tests.csproj", "{5D13FE8C-9202-41FF-8C1C-35607DDCDF0D}"
EndProject
Project("{FAE04EC0-301F-11D3-BF4B-00C04F79EFBC}") = "ERMS.Application.Tests", "tests\ERMS.Application.Tests\ERMS.Application.Tests.csproj", "{43AF525F-9ADC-4537-A208-63A283FD31E3}"
EndProject
Project("{FAE04EC0-301F-11D3-BF4B-00C04F79EFBC}") = "ERMS.Domain.Tests", "tests\ERMS.Domain.Tests\ERMS.Domain.Tests.csproj", "{EFDAE1E0-9361-4641-A0E8-29B5FCA3E3B6}"
EndProject
Project("{FAE04EC0-301F-11D3-BF4B-00C04F79EFBC}") = "ERMS.IntegrationTests", "tests\ERMS.IntegrationTests\ERMS.IntegrationTests.csproj", "{3525F4AD-C97B-46C7-BCC7-CF55014C4272}"
EndProject
Global
	GlobalSection(SolutionConfigurationPlatforms) = preSolution
		Debug|Any CPU = Debug|Any CPU
		Debug|x64 = Debug|x64
		Debug|x86 = Debug|x86
		Release|Any CPU = Release|Any CPU
		Release|x64 = Release|x64
		Release|x86 = Release|x86
	EndGlobalSection
	GlobalSection(ProjectConfigurationPlatforms) = postSolution
		{39B9702D-75F4-4C1F-9A38-E9FDF88D7495}.Debug|Any CPU.ActiveCfg = Debug|Any CPU
		{39B9702D-75F4-4C1F-9A38-E9FDF88D7495}.Debug|Any CPU.Build.0 = Debug|Any CPU
		{39B9702D-75F4-4C1F-9A38-E9FDF88D7495}.Debug|x64.ActiveCfg = Debug|Any CPU
		{39B9702D-75F4-4C1F-9A38-E9FDF88D7495}.Debug|x64.Build.0 = Debug|Any CPU
		{39B9702D-75F4-4C1F-9A38-E9FDF88D7495}.Debug|x86.ActiveCfg = Debug|Any CPU
		{39B9702D-75F4-4C1F-9A38-E9FDF88D7495}.Debug|x86.Build.0 = Debug|Any CPU
		{39B9702D-75F4-4C1F-9A38-E9FDF88D7495}.Release|Any CPU.ActiveCfg = Release|Any CPU
		{39B9702D-75F4-4C1F-9A38-E9FDF88D7495}.Release|Any CPU.Build.0 = Release|Any CPU
		{39B9702D-75F4-4C1F-9A38-E9FDF88D7495}.Release|x64.ActiveCfg = Release|Any CPU
		{39B9702D-75F4-4C1F-9A38-E9FDF88D7495}.Release|x64.Build.0 = Release|Any CPU
		{39B9702D-75F4-4C1F-9A38-E9FDF88D7495}.Release|x86.ActiveCfg = Release|Any CPU
		{39B9702D-75F4-4C1F-9A38-E9FDF88D7495}.Release|x86.Build.0 = Release|Any CPU
		{47ED8C89-2541-41E3-82EC-B06D879C714E}.Debug|Any CPU.ActiveCfg = Debug|Any CPU
		{47ED8C89-2541-41E3-82EC-B06D879C714E}.Debug|Any CPU.Build.0 = Debug|Any CPU
		{47ED8C89-2541-41E3-82EC-B06D879C714E}.Debug|x64.ActiveCfg = Debug|Any CPU
		{47ED8C89-2541-41E3-82EC-B06D879C714E}.Debug|x64.Build.0 = Debug|Any CPU
		{47ED8C89-2541-41E3-82EC-B06D879C714E}.Debug|x86.ActiveCfg = Debug|Any CPU
		{47ED8C89-2541-41E3-82EC-B06D879C714E}.Debug|x86.Build.0 = Debug|Any CPU
		{47ED8C89-2541-41E3-82EC-B06D879C714E}.Release|Any CPU.ActiveCfg = Release|Any CPU
		{47ED8C89-2541-41E3-82EC-B06D879C714E}.Release|Any CPU.Build.0 = Release|Any CPU
		{47ED8C89-2541-41E3-82EC-B06D879C714E}.Release|x64.ActiveCfg = Release|Any CPU
		{47ED8C89-2541-41E3-82EC-B06D879C714E}.Release|x64.Build.0 = Release|Any CPU
		{47ED8C89-2541-41E3-82EC-B06D879C714E}.Release|x86.ActiveCfg = Release|Any CPU
		{47ED8C89-2541-41E3-82EC-B06D879C714E}.Release|x86.Build.0 = Release|Any CPU
		{C45E8BEC-3419-459E-B076-87934A26DD40}.Debug|Any CPU.ActiveCfg = Debug|Any CPU
		{C45E8BEC-3419-459E-B076-87934A26DD40}.Debug|Any CPU.Build.0 = Debug|Any CPU
		{C45E8BEC-3419-459E-B076-87934A26DD40}.Debug|x64.ActiveCfg = Debug|Any CPU
		{C45E8BEC-3419-459E-B076-87934A26DD40}.Debug|x64.Build.0 = Debug|Any CPU
		{C45E8BEC-3419-459E-B076-87934A26DD40}.Debug|x86.ActiveCfg = Debug|Any CPU
		{C45E8BEC-3419-459E-B076-87934A26DD40}.Debug|x86.Build.0 = Debug|Any CPU
		{C45E8BEC-3419-459E-B076-87934A26DD40}.Release|Any CPU.ActiveCfg = Release|Any CPU
		{C45E8BEC-3419-459E-B076-87934A26DD40}.Release|Any CPU.Build.0 = Release|Any CPU
		{C45E8BEC-3419-459E-B076-87934A26DD40}.Release|x64.ActiveCfg = Release|Any CPU
		{C45E8BEC-3419-459E-B076-87934A26DD40}.Release|x64.Build.0 = Release|Any CPU
		{C45E8BEC-3419-459E-B076-87934A26DD40}.Release|x86.ActiveCfg = Release|Any CPU
		{C45E8BEC-3419-459E-B076-87934A26DD40}.Release|x86.Build.0 = Release|Any CPU
		{1FFA0EA6-9472-4335-BF93-2E4D6589E3A2}.Debug|Any CPU.ActiveCfg = Debug|Any CPU
		{1FFA0EA6-9472-4335-BF93-2E4D6589E3A2}.Debug|Any CPU.Build.0 = Debug|Any CPU
		{1FFA0EA6-9472-4335-BF93-2E4D6589E3A2}.Debug|x64.ActiveCfg = Debug|Any CPU
		{1FFA0EA6-9472-4335-BF93-2E4D6589E3A2}.Debug|x64.Build.0 = Debug|Any CPU
		{1FFA0EA6-9472-4335-BF93-2E4D6589E3A2}.Debug|x86.ActiveCfg = Debug|Any CPU
		{1FFA0EA6-9472-4335-BF93-2E4D6589E3A2}.Debug|x86.Build.0 = Debug|Any CPU
		{1FFA0EA6-9472-4335-BF93-2E4D6589E3A2}.Release|Any CPU.ActiveCfg = Release|Any CPU
		{1FFA0EA6-9472-4335-BF93-2E4D6589E3A2}.Release|Any CPU.Build.0 = Release|Any CPU
		{1FFA0EA6-9472-4335-BF93-2E4D6589E3A2}.Release|x64.ActiveCfg = Release|Any CPU
		{1FFA0EA6-9472-4335-BF93-2E4D6589E3A2}.Release|x64.Build.0 = Release|Any CPU
		{1FFA0EA6-9472-4335-BF93-2E4D6589E3A2}.Release|x86.ActiveCfg = Release|Any CPU
		{1FFA0EA6-9472-4335-BF93-2E4D6589E3A2}.Release|x86.Build.0 = Release|Any CPU
		{9D2B09BB-E660-4E03-82FE-8988CEF564DC}.Debug|Any CPU.ActiveCfg = Debug|Any CPU
		{9D2B09BB-E660-4E03-82FE-8988CEF564DC}.Debug|Any CPU.Build.0 = Debug|Any CPU
		{9D2B09BB-E660-4E03-82FE-8988CEF564DC}.Debug|x64.ActiveCfg = Debug|Any CPU
		{9D2B09BB-E660-4E03-82FE-8988CEF564DC}.Debug|x64.Build.0 = Debug|Any CPU
		{9D2B09BB-E660-4E03-82FE-8988CEF564DC}.Debug|x86.ActiveCfg = Debug|Any CPU
		{9D2B09BB-E660-4E03-82FE-8988CEF564DC}.Debug|x86.Build.0 = Debug|Any CPU
		{9D2B09BB-E660-4E03-82FE-8988CEF564DC}.Release|Any CPU.ActiveCfg = Release|Any CPU
		{9D2B09BB-E660-4E03-82FE-8988CEF564DC}.Release|Any CPU.Build.0 = Release|Any CPU
		{9D2B09BB-E660-4E03-82FE-8988CEF564DC}.Release|x64.ActiveCfg = Release|Any CPU
		{9D2B09BB-E660-4E03-82FE-8988CEF564DC}.Release|x64.Build.0 = Release|Any CPU
		{9D2B09BB-E660-4E03-82FE-8988CEF564DC}.Release|x86.ActiveCfg = Release|Any CPU
		{9D2B09BB-E660-4E03-82FE-8988CEF564DC}.Release|x86.Build.0 = Release|Any CPU
		{18C90A01-0170-4262-B797-8340316F4143}.Debug|Any CPU.ActiveCfg = Debug|Any CPU
		{18C90A01-0170-4262-B797-8340316F4143}.Debug|Any CPU.Build.0 = Debug|Any CPU
		{18C90A01-0170-4262-B797-8340316F4143}.Debug|x64.ActiveCfg = Debug|Any CPU
		{18C90A01-0170-4262-B797-8340316F4143}.Debug|x64.Build.0 = Debug|Any CPU
		{18C90A01-0170-4262-B797-8340316F4143}.Debug|x86.ActiveCfg = Debug|Any CPU
		{18C90A01-0170-4262-B797-8340316F4143}.Debug|x86.Build.0 = Debug|Any CPU
		{18C90A01-0170-4262-B797-8340316F4143}.Release|Any CPU.ActiveCfg = Release|Any CPU
		{18C90A01-0170-4262-B797-8340316F4143}.Release|Any CPU.Build.0 = Release|Any CPU
		{18C90A01-0170-4262-B797-8340316F4143}.Release|x64.ActiveCfg = Release|Any CPU
		{18C90A01-0170-4262-B797-8340316F4143}.Release|x64.Build.0 = Release|Any CPU
		{18C90A01-0170-4262-B797-8340316F4143}.Release|x86.ActiveCfg = Release|Any CPU
		{18C90A01-0170-4262-B797-8340316F4143}.Release|x86.Build.0 = Release|Any CPU
		{659AA9DA-D505-40B9-A3B2-92AC53593CB7}.Debug|Any CPU.ActiveCfg = Debug|Any CPU
		{659AA9DA-D505-40B9-A3B2-92AC53593CB7}.Debug|Any CPU.Build.0 = Debug|Any CPU
		{659AA9DA-D505-40B9-A3B2-92AC53593CB7}.Debug|x64.ActiveCfg = Debug|Any CPU
		{659AA9DA-D505-40B9-A3B2-92AC53593CB7}.Debug|x64.Build.0 = Debug|Any CPU
		{659AA9DA-D505-40B9-A3B2-92AC53593CB7}.Debug|x86.ActiveCfg = Debug|Any CPU
		{659AA9DA-D505-40B9-A3B2-92AC53593CB7}.Debug|x86.Build.0 = Debug|Any CPU
		{659AA9DA-D505-40B9-A3B2-92AC53593CB7}.Release|Any CPU.ActiveCfg = Release|Any CPU
		{659AA9DA-D505-40B9-A3B2-92AC53593CB7}.Release|Any CPU.Build.0 = Release|Any CPU
		{659AA9DA-D505-40B9-A3B2-92AC53593CB7}.Release|x64.ActiveCfg = Release|Any CPU
		{659AA9DA-D505-40B9-A3B2-92AC53593CB7}.Release|x64.Build.0 = Release|Any CPU
		{659AA9DA-D505-40B9-A3B2-92AC53593CB7}.Release|x86.ActiveCfg = Release|Any CPU
		{659AA9DA-D505-40B9-A3B2-92AC53593CB7}.Release|x86.Build.0 = Release|Any CPU
		{5D13FE8C-9202-41FF-8C1C-35607DDCDF0D}.Debug|Any CPU.ActiveCfg = Debug|Any CPU
		{5D13FE8C-9202-41FF-8C1C-35607DDCDF0D}.Debug|Any CPU.Build.0 = Debug|Any CPU
		{5D13FE8C-9202-41FF-8C1C-35607DDCDF0D}.Debug|x64.ActiveCfg = Debug|Any CPU
		{5D13FE8C-9202-41FF-8C1C-35607DDCDF0D}.Debug|x64.Build.0 = Debug|Any CPU
		{5D13FE8C-9202-41FF-8C1C-35607DDCDF0D}.Debug|x86.ActiveCfg = Debug|Any CPU
		{5D13FE8C-9202-41FF-8C1C-35607DDCDF0D}.Debug|x86.Build.0 = Debug|Any CPU
		{5D13FE8C-9202-41FF-8C1C-35607DDCDF0D}.Release|Any CPU.ActiveCfg = Release|Any CPU
		{5D13FE8C-9202-41FF-8C1C-35607DDCDF0D}.Release|Any CPU.Build.0 = Release|Any CPU
		{5D13FE8C-9202-41FF-8C1C-35607DDCDF0D}.Release|x64.ActiveCfg = Release|Any CPU
		{5D13FE8C-9202-41FF-8C1C-35607DDCDF0D}.Release|x64.Build.0 = Release|Any CPU
		{5D13FE8C-9202-41FF-8C1C-35607DDCDF0D}.Release|x86.ActiveCfg = Release|Any CPU
		{5D13FE8C-9202-41FF-8C1C-35607DDCDF0D}.Release|x86.Build.0 = Release|Any CPU
		{43AF525F-9ADC-4537-A208-63A283FD31E3}.Debug|Any CPU.ActiveCfg = Debug|Any CPU
		{43AF525F-9ADC-4537-A208-63A283FD31E3}.Debug|Any CPU.Build.0 = Debug|Any CPU
		{43AF525F-9ADC-4537-A208-63A283FD31E3}.Debug|x64.ActiveCfg = Debug|Any CPU
		{43AF525F-9ADC-4537-A208-63A283FD31E3}.Debug|x64.Build.0 = Debug|Any CPU
		{43AF525F-9ADC-4537-A208-63A283FD31E3}.Debug|x86.ActiveCfg = Debug|Any CPU
		{43AF525F-9ADC-4537-A208-63A283FD31E3}.Debug|x86.Build.0 = Debug|Any CPU
		{43AF525F-9ADC-4537-A208-63A283FD31E3}.Release|Any CPU.ActiveCfg = Release|Any CPU
		{43AF525F-9ADC-4537-A208-63A283FD31E3}.Release|Any CPU.Build.0 = Release|Any CPU
		{43AF525F-9ADC-4537-A208-63A283FD31E3}.Release|x64.ActiveCfg = Release|Any CPU
		{43AF525F-9ADC-4537-A208-63A283FD31E3}.Release|x64.Build.0 = Release|Any CPU
		{43AF525F-9ADC-4537-A208-63A283FD31E3}.Release|x86.ActiveCfg = Release|Any CPU
		{43AF525F-9ADC-4537-A208-63A283FD31E3}.Release|x86.Build.0 = Release|Any CPU
		{EFDAE1E0-9361-4641-A0E8-29B5FCA3E3B6}.Debug|Any CPU.ActiveCfg = Debug|Any CPU
		{EFDAE1E0-9361-4641-A0E8-29B5FCA3E3B6}.Debug|Any CPU.Build.0 = Debug|Any CPU
		{EFDAE1E0-9361-4641-A0E8-29B5FCA3E3B6}.Debug|x64.ActiveCfg = Debug|Any CPU
		{EFDAE1E0-9361-4641-A0E8-29B5FCA3E3B6}.Debug|x64.Build.0 = Debug|Any CPU
		{EFDAE1E0-9361-4641-A0E8-29B5FCA3E3B6}.Debug|x86.ActiveCfg = Debug|Any CPU
		{EFDAE1E0-9361-4641-A0E8-29B5FCA3E3B6}.Debug|x86.Build.0 = Debug|Any CPU
		{EFDAE1E0-9361-4641-A0E8-29B5FCA3E3B6}.Release|Any CPU.ActiveCfg = Release|Any CPU
		{EFDAE1E0-9361-4641-A0E8-29B5FCA3E3B6}.Release|Any CPU.Build.0 = Release|Any CPU
		{EFDAE1E0-9361-4641-A0E8-29B5FCA3E3B6}.Release|x64.ActiveCfg = Release|Any CPU
		{EFDAE1E0-9361-4641-A0E8-29B5FCA3E3B6}.Release|x64.Build.0 = Release|Any CPU
		{EFDAE1E0-9361-4641-A0E8-29B5FCA3E3B6}.Release|x86.ActiveCfg = Release|Any CPU
		{EFDAE1E0-9361-4641-A0E8-29B5FCA3E3B6}.Release|x86.Build.0 = Release|Any CPU
		{3525F4AD-C97B-46C7-BCC7-CF55014C4272}.Debug|Any CPU.ActiveCfg = Debug|Any CPU
		{3525F4AD-C97B-46C7-BCC7-CF55014C4272}.Debug|Any CPU.Build.0 = Debug|Any CPU
		{3525F4AD-C97B-46C7-BCC7-CF55014C4272}.Debug|x64.ActiveCfg = Debug|Any CPU
		{3525F4AD-C97B-46C7-BCC7-CF55014C4272}.Debug|x64.Build.0 = Debug|Any CPU
		{3525F4AD-C97B-46C7-BCC7-CF55014C4272}.Debug|x86.ActiveCfg = Debug|Any CPU
		{3525F4AD-C97B-46C7-BCC7-CF55014C4272}.Debug|x86.Build.0 = Debug|Any CPU
		{3525F4AD-C97B-46C7-BCC7-CF55014C4272}.Release|Any CPU.ActiveCfg = Release|Any CPU
		{3525F4AD-C97B-46C7-BCC7-CF55014C4272}.Release|Any CPU.Build.0 = Release|Any CPU
		{3525F4AD-C97B-46C7-BCC7-CF55014C4272}.Release|x64.ActiveCfg = Release|Any CPU
		{3525F4AD-C97B-46C7-BCC7-CF55014C4272}.Release|x64.Build.0 = Release|Any CPU
		{3525F4AD-C97B-46C7-BCC7-CF55014C4272}.Release|x86.ActiveCfg = Release|Any CPU
		{3525F4AD-C97B-46C7-BCC7-CF55014C4272}.Release|x86.Build.0 = Release|Any CPU
	EndGlobalSection
	GlobalSection(SolutionProperties) = preSolution
		HideSolutionNode = FALSE
	EndGlobalSection
	GlobalSection(NestedProjects) = preSolution
		{39B9702D-75F4-4C1F-9A38-E9FDF88D7495} = {827E0CD3-B72D-47B6-A68D-7590B98EB39B}
		{47ED8C89-2541-41E3-82EC-B06D879C714E} = {827E0CD3-B72D-47B6-A68D-7590B98EB39B}
		{C45E8BEC-3419-459E-B076-87934A26DD40} = {827E0CD3-B72D-47B6-A68D-7590B98EB39B}
		{1FFA0EA6-9472-4335-BF93-2E4D6589E3A2} = {827E0CD3-B72D-47B6-A68D-7590B98EB39B}
		{9D2B09BB-E660-4E03-82FE-8988CEF564DC} = {827E0CD3-B72D-47B6-A68D-7590B98EB39B}
		{18C90A01-0170-4262-B797-8340316F4143} = {827E0CD3-B72D-47B6-A68D-7590B98EB39B}
		{659AA9DA-D505-40B9-A3B2-92AC53593CB7} = {827E0CD3-B72D-47B6-A68D-7590B98EB39B}
		{5D13FE8C-9202-41FF-8C1C-35607DDCDF0D} = {0AB3BF05-4346-4AA6-1389-037BE0695223}
		{43AF525F-9ADC-4537-A208-63A283FD31E3} = {0AB3BF05-4346-4AA6-1389-037BE0695223}
		{EFDAE1E0-9361-4641-A0E8-29B5FCA3E3B6} = {0AB3BF05-4346-4AA6-1389-037BE0695223}
		{3525F4AD-C97B-46C7-BCC7-CF55014C4272} = {0AB3BF05-4346-4AA6-1389-037BE0695223}
	EndGlobalSection
EndGlobal
